{
    "_readme": [
        "This file locks the dependencies of your project to a known state",
        "Read more about it at https://getcomposer.org/doc/01-basic-usage.md#installing-dependencies",
        "This file is @generated automatically"
    ],
    "content-hash": "9abab9d23b552a50a057a266ccb1a5fd",
    "packages": [
        {
            "name": "proj4php/proj4php",
            "version": "2.0.17",
            "source": {
                "type": "git",
                "url": "https://github.com/proj4php/proj4php.git",
                "reference": "3558c265a86c3243547391c0944f8303dee493b3"
            },
            "dist": {
                "type": "zip",
                "url": "https://api.github.com/repos/proj4php/proj4php/zipball/3558c265a86c3243547391c0944f8303dee493b3",
                "reference": "3558c265a86c3243547391c0944f8303dee493b3",
                "shasum": ""
            },
            "require": {
                "php": ">=7.3"
            },
            "require-dev": {
                "phpunit/phpunit": "9.*"
            },
            "type": "library",
            "autoload": {
                "psr-4": {
                    "proj4php\\": "src/"
                }
            },
            "notification-url": "https://packagist.org/downloads/",
            "license": [
                "LGPL-2.1"
            ],
            "authors": [
                {
                    "name": "julien2512",
                    "email": "moquet.julien@gmail.com",
                    "homepage": "https://github.com/julien2512",
                    "role": "Developer"
                },
                {
                    "name": "Jason Judge",
                    "email": "jason.judge@academe.co.uk",
                    "homepage": "http://academe.co.uk",
                    "role": "Developer"
                },
                {
                    "name": "Nick Blackwell",
                    "email": "nickblackwell82@gmail.com",
                    "homepage": "https://people.ok.ubc.ca/nblackwe",
                    "role": "Developer"
                }
            ],
            "description": "A PHP-Class for geographic coordinates transformation using proj4 definitions, thanks to a translation from Proj4JS",
            "homepage": "https://github.com/proj4php/proj4php",
            "keywords": [
                "coordinates",
                "geographic",
                "proj4",
                "proj4js"
            ],
            "support": {
                "issues": "https://github.com/proj4php/proj4php/issues",
                "source": "https://github.com/proj4php/proj4php/tree/2.0.17"
            },
            "time": "2024-07-19T19:46:30+00:00"
        }
    ],
    "packages-dev": [],
    "aliases": [],
    "minimum-stability": "stable",
    "stability-flags": [],
    "prefer-stable": false,
    "prefer-lowest": false,
    "platform": [],
    "platform-dev": [],
    "plugin-api-version": "2.6.0"
}
